// !$*UTF8*$!
{
	archiveVersion = 1;
	classes = {
	};
	objectVersion = 51;
	objects = {

/* Begin PBXBuildFile section */
		09AC8E0125D7FFCE00050EEC /* AppDelegate.swift in Sources */ = {isa = PBXBuildFile; fileRef = 09AC8E0025D7FFCE00050EEC /* AppDelegate.swift */; };
		09AC8E0525D7FFCE00050EEC /* ViewController.swift in Sources */ = {isa = PBXBuildFile; fileRef = 09AC8E0425D7FFCE00050EEC /* ViewController.swift */; };
		09AC8E0825D7FFCE00050EEC /* Main.storyboard in Resources */ = {isa = PBXBuildFile; fileRef = 09AC8E0625D7FFCE00050EEC /* Main.storyboard */; };
		09AC8E0A25D7FFD600050EEC /* Assets.xcassets in Resources */ = {isa = PBXBuildFile; fileRef = 09AC8E0925D7FFD600050EEC /* Assets.xcassets */; };
		09AC8E0D25D7FFD600050EEC /* LaunchScreen.storyboard in Resources */ = {isa = PBXBuildFile; fileRef = 09AC8E0B25D7FFD600050EEC /* LaunchScreen.storyboard */; };
		09AC8E1A25D804EE00050EEC /* AppManager.swift in Sources */ = {isa = PBXBuildFile; fileRef = 09AC8E1725D804EE00050EEC /* AppManager.swift */; };
		09AC8E1B25D804EF00050EEC /* InternetConnection.swift in Sources */ = {isa = PBXBuildFile; fileRef = 09AC8E1825D804EE00050EEC /* InternetConnection.swift */; };
		09AC8E1C25D804EF00050EEC /* TouchBlocker.swift in Sources */ = {isa = PBXBuildFile; fileRef = 09AC8E1925D804EE00050EEC /* TouchBlocker.swift */; };
		09AC8E2125D86BD100050EEC /* User.swift in Sources */ = {isa = PBXBuildFile; fileRef = 09AC8E2025D86BD000050EEC /* User.swift */; };
		09AC8E2425D86C1000050EEC /* UserListViewModel.swift in Sources */ = {isa = PBXBuildFile; fileRef = 09AC8E2325D86C1000050EEC /* UserListViewModel.swift */; };
		09AC8E2725D86C7B00050EEC /* APIHandler.swift in Sources */ = {isa = PBXBuildFile; fileRef = 09AC8E2625D86C7B00050EEC /* APIHandler.swift */; };
		09D80D5325D86F2000AC99DD /* UtilityFunctions.swift in Sources */ = {isa = PBXBuildFile; fileRef = 09D80D5225D86F2000AC99DD /* UtilityFunctions.swift */; };
		09D80D5A25D93BB100AC99DD /* UserListTableViewCell.swift in Sources */ = {isa = PBXBuildFile; fileRef = 09D80D5925D93BB100AC99DD /* UserListTableViewCell.swift */; };
		09D80D6025D944DF00AC99DD /* UserListDataSource.swift in Sources */ = {isa = PBXBuildFile; fileRef = 09D80D5F25D944DF00AC99DD /* UserListDataSource.swift */; };
		09D80D6425D9A2B100AC99DD /* UserDetailsViewModel.swift in Sources */ = {isa = PBXBuildFile; fileRef = 09D80D6325D9A2B100AC99DD /* UserDetailsViewModel.swift */; };
		09D80D6825D9A31D00AC99DD /* UserDetailsViewController.swift in Sources */ = {isa = PBXBuildFile; fileRef = 09D80D6725D9A31D00AC99DD /* UserDetailsViewController.swift */; };
		09D80D6B25D9A8CF00AC99DD /* UserDetailsView.swift in Sources */ = {isa = PBXBuildFile; fileRef = 09D80D6A25D9A8CF00AC99DD /* UserDetailsView.swift */; };
		31CE86239F23BEECB911D1AF /* Pods_ArchitectureDemo.framework in Frameworks */ = {isa = PBXBuildFile; fileRef = 3CCC9AE25665E1183B2CBBFA /* Pods_ArchitectureDemo.framework */; };
/* End PBXBuildFile section */

/* Begin PBXFileReference section */
		09AC8DFD25D7FFCE00050EEC /* ArchitectureDemo.app */ = {isa = PBXFileReference; explicitFileType = wrapper.application; includeInIndex = 0; path = ArchitectureDemo.app; sourceTree = BUILT_PRODUCTS_DIR; };
		09AC8E0025D7FFCE00050EEC /* AppDelegate.swift */ = {isa = PBXFileReference; lastKnownFileType = sourcecode.swift; path = AppDelegate.swift; sourceTree = "<group>"; };
		09AC8E0425D7FFCE00050EEC /* ViewController.swift */ = {isa = PBXFileReference; lastKnownFileType = sourcecode.swift; path = ViewController.swift; sourceTree = "<group>"; };
		09AC8E0725D7FFCE00050EEC /* Base */ = {isa = PBXFileReference; lastKnownFileType = file.storyboard; name = Base; path = Base.lproj/Main.storyboard; sourceTree = "<group>"; };
		09AC8E0925D7FFD600050EEC /* Assets.xcassets */ = {isa = PBXFileReference; lastKnownFileType = folder.assetcatalog; path = Assets.xcassets; sourceTree = "<group>"; };
		09AC8E0C25D7FFD600050EEC /* Base */ = {isa = PBXFileReference; lastKnownFileType = file.storyboard; name = Base; path = Base.lproj/LaunchScreen.storyboard; sourceTree = "<group>"; };
		09AC8E0E25D7FFD600050EEC /* Info.plist */ = {isa = PBXFileReference; lastKnownFileType = text.plist.xml; path = Info.plist; sourceTree = "<group>"; };
		09AC8E1725D804EE00050EEC /* AppManager.swift */ = {isa = PBXFileReference; fileEncoding = 4; lastKnownFileType = sourcecode.swift; path = AppManager.swift; sourceTree = "<group>"; };
		09AC8E1825D804EE00050EEC /* InternetConnection.swift */ = {isa = PBXFileReference; fileEncoding = 4; lastKnownFileType = sourcecode.swift; path = InternetConnection.swift; sourceTree = "<group>"; };
		09AC8E1925D804EE00050EEC /* TouchBlocker.swift */ = {isa = PBXFileReference; fileEncoding = 4; lastKnownFileType = sourcecode.swift; path = TouchBlocker.swift; sourceTree = "<group>"; };
		09AC8E2025D86BD000050EEC /* User.swift */ = {isa = PBXFileReference; lastKnownFileType = sourcecode.swift; path = User.swift; sourceTree = "<group>"; };
		09AC8E2325D86C1000050EEC /* UserListViewModel.swift */ = {isa = PBXFileReference; lastKnownFileType = sourcecode.swift; path = UserListViewModel.swift; sourceTree = "<group>"; };
		09AC8E2625D86C7B00050EEC /* APIHandler.swift */ = {isa = PBXFileReference; fileEncoding = 4; lastKnownFileType = sourcecode.swift; path = APIHandler.swift; sourceTree = "<group>"; };
		09D80D5225D86F2000AC99DD /* UtilityFunctions.swift */ = {isa = PBXFileReference; lastKnownFileType = sourcecode.swift; path = UtilityFunctions.swift; sourceTree = "<group>"; };
		09D80D5925D93BB100AC99DD /* UserListTableViewCell.swift */ = {isa = PBXFileReference; lastKnownFileType = sourcecode.swift; path = UserListTableViewCell.swift; sourceTree = "<group>"; };
		09D80D5F25D944DF00AC99DD /* UserListDataSource.swift */ = {isa = PBXFileReference; lastKnownFileType = sourcecode.swift; path = UserListDataSource.swift; sourceTree = "<group>"; };
		09D80D6325D9A2B100AC99DD /* UserDetailsViewModel.swift */ = {isa = PBXFileReference; lastKnownFileType = sourcecode.swift; path = UserDetailsViewModel.swift; sourceTree = "<group>"; };
		09D80D6725D9A31D00AC99DD /* UserDetailsViewController.swift */ = {isa = PBXFileReference; lastKnownFileType = sourcecode.swift; path = UserDetailsViewController.swift; sourceTree = "<group>"; };
		09D80D6A25D9A8CF00AC99DD /* UserDetailsView.swift */ = {isa = PBXFileReference; lastKnownFileType = sourcecode.swift; path = UserDetailsView.swift; sourceTree = "<group>"; };
		3CCC9AE25665E1183B2CBBFA /* Pods_ArchitectureDemo.framework */ = {isa = PBXFileReference; explicitFileType = wrapper.framework; includeInIndex = 0; path = Pods_ArchitectureDemo.framework; sourceTree = BUILT_PRODUCTS_DIR; };
		3F7946FDE47E8EEC27F86372 /* Pods-ArchitectureDemo.debug.xcconfig */ = {isa = PBXFileReference; includeInIndex = 1; lastKnownFileType = text.xcconfig; name = "Pods-ArchitectureDemo.debug.xcconfig"; path = "Target Support Files/Pods-ArchitectureDemo/Pods-ArchitectureDemo.debug.xcconfig"; sourceTree = "<group>"; };
		65A75FD7B70AE59D9FB6ACAF /* Pods-ArchitectureDemo.release.xcconfig */ = {isa = PBXFileReference; includeInIndex = 1; lastKnownFileType = text.xcconfig; name = "Pods-ArchitectureDemo.release.xcconfig"; path = "Target Support Files/Pods-ArchitectureDemo/Pods-ArchitectureDemo.release.xcconfig"; sourceTree = "<group>"; };
/* End PBXFileReference section */

/* Begin PBXFrameworksBuildPhase section */
		09AC8DFA25D7FFCE00050EEC /* Frameworks */ = {
			isa = PBXFrameworksBuildPhase;
			buildActionMask = 2147483647;
			files = (
				31CE86239F23BEECB911D1AF /* Pods_ArchitectureDemo.framework in Frameworks */,
			);
			runOnlyForDeploymentPostprocessing = 0;
		};
/* End PBXFrameworksBuildPhase section */

/* Begin PBXGroup section */
		0956AA1C25DB0C2800D83136 /* UserList */ = {
			isa = PBXGroup;
			children = (
				09AC8E0425D7FFCE00050EEC /* ViewController.swift */,
				09AC8E2325D86C1000050EEC /* UserListViewModel.swift */,
				09D80D5925D93BB100AC99DD /* UserListTableViewCell.swift */,
				09D80D5F25D944DF00AC99DD /* UserListDataSource.swift */,
			);
			path = UserList;
			sourceTree = "<group>";
		};
		09AC8DF425D7FFCE00050EEC = {
			isa = PBXGroup;
			children = (
				09AC8DFF25D7FFCE00050EEC /* ArchitectureDemo */,
				09AC8DFE25D7FFCE00050EEC /* Products */,
				D3BC85B99D8E83EDB07148EB /* Pods */,
				FC7826740958C2A566F7A880 /* Frameworks */,
			);
			sourceTree = "<group>";
		};
		09AC8DFE25D7FFCE00050EEC /* Products */ = {
			isa = PBXGroup;
			children = (
				09AC8DFD25D7FFCE00050EEC /* ArchitectureDemo.app */,
			);
			name = Products;
			sourceTree = "<group>";
		};
		09AC8DFF25D7FFCE00050EEC /* ArchitectureDemo */ = {
			isa = PBXGroup;
			children = (
				0956AA1C25DB0C2800D83136 /* UserList */,
				09D80D6225D9A29B00AC99DD /* User Details */,
				09AC8E1625D8045800050EEC /* Miscellaneous */,
				09AC8E0025D7FFCE00050EEC /* AppDelegate.swift */,
				09AC8E0625D7FFCE00050EEC /* Main.storyboard */,
				09AC8E0925D7FFD600050EEC /* Assets.xcassets */,
				09AC8E0B25D7FFD600050EEC /* LaunchScreen.storyboard */,
				09AC8E0E25D7FFD600050EEC /* Info.plist */,
				09AC8E2025D86BD000050EEC /* User.swift */,
			);
			path = ArchitectureDemo;
			sourceTree = "<group>";
		};
		09AC8E1625D8045800050EEC /* Miscellaneous */ = {
			isa = PBXGroup;
			children = (
				09AC8E2625D86C7B00050EEC /* APIHandler.swift */,
				09AC8E1725D804EE00050EEC /* AppManager.swift */,
				09AC8E1825D804EE00050EEC /* InternetConnection.swift */,
				09AC8E1925D804EE00050EEC /* TouchBlocker.swift */,
				09D80D5225D86F2000AC99DD /* UtilityFunctions.swift */,
			);
			path = Miscellaneous;
			sourceTree = "<group>";
		};
		09D80D6225D9A29B00AC99DD /* User Details */ = {
			isa = PBXGroup;
			children = (
				09D80D6325D9A2B100AC99DD /* UserDetailsViewModel.swift */,
				09D80D6725D9A31D00AC99DD /* UserDetailsViewController.swift */,
				09D80D6A25D9A8CF00AC99DD /* UserDetailsView.swift */,
			);
			path = "User Details";
			sourceTree = "<group>";
		};
		D3BC85B99D8E83EDB07148EB /* Pods */ = {
			isa = PBXGroup;
			children = (
				3F7946FDE47E8EEC27F86372 /* Pods-ArchitectureDemo.debug.xcconfig */,
				65A75FD7B70AE59D9FB6ACAF /* Pods-ArchitectureDemo.release.xcconfig */,
			);
			path = Pods;
			sourceTree = "<group>";
		};
		FC7826740958C2A566F7A880 /* Frameworks */ = {
			isa = PBXGroup;
			children = (
				3CCC9AE25665E1183B2CBBFA /* Pods_ArchitectureDemo.framework */,
			);
			name = Frameworks;
			sourceTree = "<group>";
		};
/* End PBXGroup section */

/* Begin PBXNativeTarget section */
		09AC8DFC25D7FFCE00050EEC /* ArchitectureDemo */ = {
			isa = PBXNativeTarget;
			buildConfigurationList = 09AC8E1125D7FFD600050EEC /* Build configuration list for PBXNativeTarget "ArchitectureDemo" */;
			buildPhases = (
				E0C393D0BBC9A2FE4A2B20F9 /* [CP] Check Pods Manifest.lock */,
				09AC8DF925D7FFCE00050EEC /* Sources */,
				09AC8DFA25D7FFCE00050EEC /* Frameworks */,
				09AC8DFB25D7FFCE00050EEC /* Resources */,
				8616E5BBA48A8D04C3BFA8A8 /* [CP] Embed Pods Frameworks */,
			);
			buildRules = (
			);
			dependencies = (
			);
			name = ArchitectureDemo;
			productName = ArchitectureDemo;
			productReference = 09AC8DFD25D7FFCE00050EEC /* ArchitectureDemo.app */;
			productType = "com.apple.product-type.application";
		};
/* End PBXNativeTarget section */

/* Begin PBXProject section */
		09AC8DF525D7FFCE00050EEC /* Project object */ = {
			isa = PBXProject;
			attributes = {
				LastSwiftUpdateCheck = 1240;
				LastUpgradeCheck = 1240;
				TargetAttributes = {
					09AC8DFC25D7FFCE00050EEC = {
						CreatedOnToolsVersion = 12.4;
					};
				};
			};
			buildConfigurationList = 09AC8DF825D7FFCE00050EEC /* Build configuration list for PBXProject "ArchitectureDemo" */;
			compatibilityVersion = "Xcode 9.3";
			developmentRegion = en;
			hasScannedForEncodings = 0;
			knownRegions = (
				en,
				Base,
			);
			mainGroup = 09AC8DF425D7FFCE00050EEC;
			productRefGroup = 09AC8DFE25D7FFCE00050EEC /* Products */;
			projectDirPath = "";
			projectRoot = "";
			targets = (
				09AC8DFC25D7FFCE00050EEC /* ArchitectureDemo */,
			);
		};
/* End PBXProject section */

/* Begin PBXResourcesBuildPhase section */
		09AC8DFB25D7FFCE00050EEC /* Resources */ = {
			isa = PBXResourcesBuildPhase;
			buildActionMask = 2147483647;
			files = (
				09AC8E0D25D7FFD600050EEC /* LaunchScreen.storyboard in Resources */,
				09AC8E0A25D7FFD600050EEC /* Assets.xcassets in Resources */,
				09AC8E0825D7FFCE00050EEC /* Main.storyboard in Resources */,
			);
			runOnlyForDeploymentPostprocessing = 0;
		};
/* End PBXResourcesBuildPhase section */

/* Begin PBXShellScriptBuildPhase section */
		8616E5BBA48A8D04C3BFA8A8 /* [CP] Embed Pods Frameworks */ = {
			isa = PBXShellScriptBuildPhase;
			buildActionMask = 2147483647;
			files = (
			);
			inputFileListPaths = (
				"${PODS_ROOT}/Target Support Files/Pods-ArchitectureDemo/Pods-ArchitectureDemo-frameworks-${CONFIGURATION}-input-files.xcfilelist",
			);
			name = "[CP] Embed Pods Frameworks";
			outputFileListPaths = (
				"${PODS_ROOT}/Target Support Files/Pods-ArchitectureDemo/Pods-ArchitectureDemo-frameworks-${CONFIGURATION}-output-files.xcfilelist",
			);
			runOnlyForDeploymentPostprocessing = 0;
			shellPath = /bin/sh;
			shellScript = "\"${PODS_ROOT}/Target Support Files/Pods-ArchitectureDemo/Pods-ArchitectureDemo-frameworks.sh\"\n";
			showEnvVarsInLog = 0;
		};
		E0C393D0BBC9A2FE4A2B20F9 /* [CP] Check Pods Manifest.lock */ = {
			isa = PBXShellScriptBuildPhase;
			buildActionMask = 2147483647;
			files = (
			);
			inputFileListPaths = (
			);
			inputPaths = (
				"${PODS_PODFILE_DIR_PATH}/Podfile.lock",
				"${PODS_ROOT}/Manifest.lock",
			);
			name = "[CP] Check Pods Manifest.lock";
			outputFileListPaths = (
			);
			outputPaths = (
				"$(DERIVED_FILE_DIR)/Pods-ArchitectureDemo-checkManifestLockResult.txt",
			);
			runOnlyForDeploymentPostprocessing = 0;
			shellPath = /bin/sh;
			shellScript = "diff \"${PODS_PODFILE_DIR_PATH}/Podfile.lock\" \"${PODS_ROOT}/Manifest.lock\" > /dev/null\nif [ $? != 0 ] ; then\n    # print error to STDERR\n    echo \"error: The sandbox is not in sync with the Podfile.lock. Run 'pod install' or update your CocoaPods installation.\" >&2\n    exit 1\nfi\n# This output is used by Xcode 'outputs' to avoid re-running this script phase.\necho \"SUCCESS\" > \"${SCRIPT_OUTPUT_FILE_0}\"\n";
			showEnvVarsInLog = 0;
		};
/* End PBXShellScriptBuildPhase section */

/* Begin PBXSourcesBuildPhase section */
		09AC8DF925D7FFCE00050EEC /* Sources */ = {
			isa = PBXSourcesBuildPhase;
			buildActionMask = 2147483647;
			files = (
				09D80D6B25D9A8CF00AC99DD /* UserDetailsView.swift in Sources */,
				09D80D5A25D93BB100AC99DD /* UserListTableViewCell.swift in Sources */,
				09D80D5325D86F2000AC99DD /* UtilityFunctions.swift in Sources */,
				09D80D6425D9A2B100AC99DD /* UserDetailsViewModel.swift in Sources */,
				09AC8E0525D7FFCE00050EEC /* ViewController.swift in Sources */,
				09AC8E0125D7FFCE00050EEC /* AppDelegate.swift in Sources */,
				09D80D6025D944DF00AC99DD /* UserListDataSource.swift in Sources */,
				09AC8E2425D86C1000050EEC /* UserListViewModel.swift in Sources */,
				09AC8E2725D86C7B00050EEC /* APIHandler.swift in Sources */,
				09D80D6825D9A31D00AC99DD /* UserDetailsViewController.swift in Sources */,
				09AC8E2125D86BD100050EEC /* User.swift in Sources */,
				09AC8E1C25D804EF00050EEC /* TouchBlocker.swift in Sources */,
				09AC8E1A25D804EE00050EEC /* AppManager.swift in Sources */,
				09AC8E1B25D804EF00050EEC /* InternetConnection.swift in Sources */,
			);
			runOnlyForDeploymentPostprocessing = 0;
		};
/* End PBXSourcesBuildPhase section */

/* Begin PBXVariantGroup section */
		09AC8E0625D7FFCE00050EEC /* Main.storyboard */ = {
			isa = PBXVariantGroup;
			children = (
				09AC8E0725D7FFCE00050EEC /* Base */,
			);
			name = Main.storyboard;
			sourceTree = "<group>";
		};
		09AC8E0B25D7FFD600050EEC /* LaunchScreen.storyboard */ = {
			isa = PBXVariantGroup;
			children = (
				09AC8E0C25D7FFD600050EEC /* Base */,
			);
			name = LaunchScreen.storyboard;
			sourceTree = "<group>";
		};
/* End PBXVariantGroup section */

/* Begin XCBuildConfiguration section */
		09AC8E0F25D7FFD600050EEC /* Debug */ = {
			isa = XCBuildConfiguration;
			buildSettings = {
				ALWAYS_SEARCH_USER_PATHS = NO;
				CLANG_ANALYZER_NONNULL = YES;
				CLANG_ANALYZER_NUMBER_OBJECT_CONVERSION = YES_AGGRESSIVE;
				CLANG_CXX_LANGUAGE_STANDARD = "gnu++14";
				CLANG_CXX_LIBRARY = "libc++";
				CLANG_ENABLE_MODULES = YES;
				CLANG_ENABLE_OBJC_ARC = YES;
				CLANG_ENABLE_OBJC_WEAK = YES;
				CLANG_WARN_BLOCK_CAPTURE_AUTORELEASING = YES;
				CLANG_WARN_BOOL_CONVERSION = YES;
				CLANG_WARN_COMMA = YES;
				CLANG_WARN_CONSTANT_CONVERSION = YES;
				CLANG_WARN_DEPRECATED_OBJC_IMPLEMENTATIONS = YES;
				CLANG_WARN_DIRECT_OBJC_ISA_USAGE = YES_ERROR;
				CLANG_WARN_DOCUMENTATION_COMMENTS = YES;
				CLANG_WARN_EMPTY_BODY = YES;
				CLANG_WARN_ENUM_CONVERSION = YES;
				CLANG_WARN_INFINITE_RECURSION = YES;
				CLANG_WARN_INT_CONVERSION = YES;
				CLANG_WARN_NON_LITERAL_NULL_CONVERSION = YES;
				CLANG_WARN_OBJC_IMPLICIT_RETAIN_SELF = YES;
				CLANG_WARN_OBJC_LITERAL_CONVERSION = YES;
				CLANG_WARN_OBJC_ROOT_CLASS = YES_ERROR;
				CLANG_WARN_QUOTED_INCLUDE_IN_FRAMEWORK_HEADER = YES;
				CLANG_WARN_RANGE_LOOP_ANALYSIS = YES;
				CLANG_WARN_STRICT_PROTOTYPES = YES;
				CLANG_WARN_SUSPICIOUS_MOVE = YES;
				CLANG_WARN_UNGUARDED_AVAILABILITY = YES_AGGRESSIVE;
				CLANG_WARN_UNREACHABLE_CODE = YES;
				CLANG_WARN__DUPLICATE_METHOD_MATCH = YES;
				COPY_PHASE_STRIP = NO;
				DEBUG_INFORMATION_FORMAT = dwarf;
				ENABLE_STRICT_OBJC_MSGSEND = YES;
				ENABLE_TESTABILITY = YES;
				GCC_C_LANGUAGE_STANDARD = gnu11;
				GCC_DYNAMIC_NO_PIC = NO;
				GCC_NO_COMMON_BLOCKS = YES;
				GCC_OPTIMIZATION_LEVEL = 0;
				GCC_PREPROCESSOR_DEFINITIONS = (
					"DEBUG=1",
					"$(inherited)",
				);
				GCC_WARN_64_TO_32_BIT_CONVERSION = YES;
				GCC_WARN_ABOUT_RETURN_TYPE = YES_ERROR;
				GCC_WARN_UNDECLARED_SELECTOR = YES;
				GCC_WARN_UNINITIALIZED_AUTOS = YES_AGGRESSIVE;
				GCC_WARN_UNUSED_FUNCTION = YES;
				GCC_WARN_UNUSED_VARIABLE = YES;
				IPHONEOS_DEPLOYMENT_TARGET = 14.4;
				MTL_ENABLE_DEBUG_INFO = INCLUDE_SOURCE;
				MTL_FAST_MATH = YES;
				ONLY_ACTIVE_ARCH = YES;
				SDKROOT = iphoneos;
				SWIFT_ACTIVE_COMPILATION_CONDITIONS = DEBUG;
				SWIFT_OPTIMIZATION_LEVEL = "-Onone";
			};
			name = Debug;
		};
		09AC8E1025D7FFD600050EEC /* Release */ = {
			isa = XCBuildConfiguration;
			buildSettings = {
				ALWAYS_SEARCH_USER_PATHS = NO;
				CLANG_ANALYZER_NONNULL = YES;
				CLANG_ANALYZER_NUMBER_OBJECT_CONVERSION = YES_AGGRESSIVE;
				CLANG_CXX_LANGUAGE_STANDARD = "gnu++14";
				CLANG_CXX_LIBRARY = "libc++";
				CLANG_ENABLE_MODULES = YES;
				CLANG_ENABLE_OBJC_ARC = YES;
				CLANG_ENABLE_OBJC_WEAK = YES;
				CLANG_WARN_BLOCK_CAPTURE_AUTORELEASING = YES;
				CLANG_WARN_BOOL_CONVERSION = YES;
				CLANG_WARN_COMMA = YES;
				CLANG_WARN_CONSTANT_CONVERSION = YES;
				CLANG_WARN_DEPRECATED_OBJC_IMPLEMENTATIONS = YES;
				CLANG_WARN_DIRECT_OBJC_ISA_USAGE = YES_ERROR;
				CLANG_WARN_DOCUMENTATION_COMMENTS = YES;
				CLANG_WARN_EMPTY_BODY = YES;
				CLANG_WARN_ENUM_CONVERSION = YES;
				CLANG_WARN_INFINITE_RECURSION = YES;
				CLANG_WARN_INT_CONVERSION = YES;
				CLANG_WARN_NON_LITERAL_NULL_CONVERSION = YES;
				CLANG_WARN_OBJC_IMPLICIT_RETAIN_SELF = YES;
				CLANG_WARN_OBJC_LITERAL_CONVERSION = YES;
				CLANG_WARN_OBJC_ROOT_CLASS = YES_ERROR;
				CLANG_WARN_QUOTED_INCLUDE_IN_FRAMEWORK_HEADER = YES;
				CLANG_WARN_RANGE_LOOP_ANALYSIS = YES;
				CLANG_WARN_STRICT_PROTOTYPES = YES;
				CLANG_WARN_SUSPICIOUS_MOVE = YES;
				CLANG_WARN_UNGUARDED_AVAILABILITY = YES_AGGRESSIVE;
				CLANG_WARN_UNREACHABLE_CODE = YES;
				CLANG_WARN__DUPLICATE_METHOD_MATCH = YES;
				COPY_PHASE_STRIP = NO;
				DEBUG_INFORMATION_FORMAT = "dwarf-with-dsym";
				ENABLE_NS_ASSERTIONS = NO;
				ENABLE_STRICT_OBJC_MSGSEND = YES;
				GCC_C_LANGUAGE_STANDARD = gnu11;
				GCC_NO_COMMON_BLOCKS = YES;
				GCC_WARN_64_TO_32_BIT_CONVERSION = YES;
				GCC_WARN_ABOUT_RETURN_TYPE = YES_ERROR;
				GCC_WARN_UNDECLARED_SELECTOR = YES;
				GCC_WARN_UNINITIALIZED_AUTOS = YES_AGGRESSIVE;
				GCC_WARN_UNUSED_FUNCTION = YES;
				GCC_WARN_UNUSED_VARIABLE = YES;
				IPHONEOS_DEPLOYMENT_TARGET = 14.4;
				MTL_ENABLE_DEBUG_INFO = NO;
				MTL_FAST_MATH = YES;
				SDKROOT = iphoneos;
				SWIFT_COMPILATION_MODE = wholemodule;
				SWIFT_OPTIMIZATION_LEVEL = "-O";
				VALIDATE_PRODUCT = YES;
			};
			name = Release;
		};
		09AC8E1225D7FFD600050EEC /* Debug */ = {
			isa = XCBuildConfiguration;
			baseConfigurationReference = 3F7946FDE47E8EEC27F86372 /* Pods-ArchitectureDemo.debug.xcconfig */;
			buildSettings = {
				ASSETCATALOG_COMPILER_APPICON_NAME = AppIcon;
				ASSETCATALOG_COMPILER_GLOBAL_ACCENT_COLOR_NAME = AccentColor;
				CODE_SIGN_STYLE = Automatic;
				DEVELOPMENT_TEAM = DVUB6W468Q;
				INFOPLIST_FILE = ArchitectureDemo/Info.plist;
				IPHONEOS_DEPLOYMENT_TARGET = 13.0;
				LD_RUNPATH_SEARCH_PATHS = (
					"$(inherited)",
					"@executable_path/Frameworks",
				);
				PRODUCT_BUNDLE_IDENTIFIER = com.saurabh.ArchitectureDemo;
				PRODUCT_NAME = "$(TARGET_NAME)";
				SWIFT_VERSION = 5.0;
				TARGETED_DEVICE_FAMILY = "1,2";
			};
			name = Debug;
		};
		09AC8E1325D7FFD600050EEC /* Release */ = {
			isa = XCBuildConfiguration;
			baseConfigurationReference = 65A75FD7B70AE59D9FB6ACAF /* Pods-ArchitectureDemo.release.xcconfig */;
			buildSettings = {
				ASSETCATALOG_COMPILER_APPICON_NAME = AppIcon;
				ASSETCATALOG_COMPILER_GLOBAL_ACCENT_COLOR_NAME = AccentColor;
				CODE_SIGN_STYLE = Automatic;
				DEVELOPMENT_TEAM = DVUB6W468Q;
				INFOPLIST_FILE = ArchitectureDemo/Info.plist;
				IPHONEOS_DEPLOYMENT_TARGET = 13.0;
				LD_RUNPATH_SEARCH_PATHS = (
					"$(inherited)",
					"@executable_path/Frameworks",
				);
				PRODUCT_BUNDLE_IDENTIFIER = com.saurabh.ArchitectureDemo;
				PRODUCT_NAME = "$(TARGET_NAME)";
				SWIFT_VERSION = 5.0;
				TARGETED_DEVICE_FAMILY = "1,2";
			};
			name = Release;
		};
/* End XCBuildConfiguration section */

/* Begin XCConfigurationList section */
		09AC8DF825D7FFCE00050EEC /* Build configuration list for PBXProject "ArchitectureDemo" */ = {
			isa = XCConfigurationList;
			buildConfigurations = (
				09AC8E0F25D7FFD600050EEC /* Debug */,
				09AC8E1025D7FFD600050EEC /* Release */,
			);
			defaultConfigurationIsVisible = 0;
			defaultConfigurationName = Release;
		};
		09AC8E1125D7FFD600050EEC /* Build configuration list for PBXNativeTarget "ArchitectureDemo" */ = {
			isa = XCConfigurationList;
			buildConfigurations = (
				09AC8E1225D7FFD600050EEC /* Debug */,
				09AC8E1325D7FFD600050EEC /* Release */,
			);
			defaultConfigurationIsVisible = 0;
			defaultConfigurationName = Release;
		};
/* End XCConfigurationList section */
	};
	rootObject = 09AC8DF525D7FFCE00050EEC /* Project object */;
}
